
Microsoft Visual Studio Solution File, Format Version 12.00
# Visual Studio Version 17
VisualStudioVersion = 17.3.32819.101
MinimumVisualStudioVersion = 10.0.40219.1
Project("{9A19103F-16F7-4668-BE54-9A1E7A4F7556}") = "Entities", "Entities\Entities.csproj", "{D8AFF716-3996-4CB1-9AEE-1D8BEC6646C6}"
EndProject
Project("{FAE04EC0-301F-11D3-BF4B-00C04F79EFBC}") = "DataAccess", "DataAccess\DataAccess.csproj", "{21BC3B93-123C-4D03-A586-B368DA7E3D73}"
EndProject
Project("{FAE04EC0-301F-11D3-BF4B-00C04F79EFBC}") = "Mepas", "Mepas\Mepas.csproj", "{C71FBE26-1D47-4BD2-BF9D-49E9705E7A61}"
EndProject
Global
	GlobalSection(SolutionConfigurationPlatforms) = preSolution
		Debug|Any CPU = Debug|Any CPU
		Release|Any CPU = Release|Any CPU
	EndGlobalSection
	GlobalSection(ProjectConfigurationPlatforms) = postSolution
		{D8AFF716-3996-4CB1-9AEE-1D8BEC6646C6}.Debug|Any CPU.ActiveCfg = Debug|Any CPU
		{D8AFF716-3996-4CB1-9AEE-1D8BEC6646C6}.Debug|Any CPU.Build.0 = Debug|Any CPU
		{D8AFF716-3996-4CB1-9AEE-1D8BEC6646C6}.Release|Any CPU.ActiveCfg = Release|Any CPU
		{D8AFF716-3996-4CB1-9AEE-1D8BEC6646C6}.Release|Any CPU.Build.0 = Release|Any CPU
		{21BC3B93-123C-4D03-A586-B368DA7E3D73}.Debug|Any CPU.ActiveCfg = Debug|Any CPU
		{21BC3B93-123C-4D03-A586-B368DA7E3D73}.Debug|Any CPU.Build.0 = Debug|Any CPU
		{21BC3B93-123C-4D03-A586-B368DA7E3D73}.Release|Any CPU.ActiveCfg = Release|Any CPU
		{21BC3B93-123C-4D03-A586-B368DA7E3D73}.Release|Any CPU.Build.0 = Release|Any CPU
		{C71FBE26-1D47-4BD2-BF9D-49E9705E7A61}.Debug|Any CPU.ActiveCfg = Debug|Any CPU
		{C71FBE26-1D47-4BD2-BF9D-49E9705E7A61}.Debug|Any CPU.Build.0 = Debug|Any CPU
		{C71FBE26-1D47-4BD2-BF9D-49E9705E7A61}.Release|Any CPU.ActiveCfg = Release|Any CPU
		{C71FBE26-1D47-4BD2-BF9D-49E9705E7A61}.Release|Any CPU.Build.0 = Release|Any CPU
	EndGlobalSection
	GlobalSection(SolutionProperties) = preSolution
		HideSolutionNode = FALSE
	EndGlobalSection
	GlobalSection(ExtensibilityGlobals) = postSolution
		SolutionGuid = {2C3E1056-B2CC-46A4-AD32-E0E7196646CC}
	EndGlobalSection
EndGlobal
